
Microsoft Visual Studio Solution File, Format Version 12.00
# Visual Studio Version 17
VisualStudioVersion = 17.9.34622.214
MinimumVisualStudioVersion = 10.0.40219.1
Project("{FAE04EC0-301F-11D3-BF4B-00C04F79EFBC}") = "PRG182 Project V2", "PRG182 Project V2\PRG182 Project V2.csproj", "{79731799-B937-4FF9-9266-87F82CD1498E}"
EndProject
Global
	GlobalSection(SolutionConfigurationPlatforms) = preSolution
		Debug|Any CPU = Debug|Any CPU
		Release|Any CPU = Release|Any CPU
	EndGlobalSection
	GlobalSection(ProjectConfigurationPlatforms) = postSolution
		{79731799-B937-4FF9-9266-87F82CD1498E}.Debug|Any CPU.ActiveCfg = Debug|Any CPU
		{79731799-B937-4FF9-9266-87F82CD1498E}.Debug|Any CPU.Build.0 = Debug|Any CPU
		{79731799-B937-4FF9-9266-87F82CD1498E}.Release|Any CPU.ActiveCfg = Release|Any CPU
		{79731799-B937-4FF9-9266-87F82CD1498E}.Release|Any CPU.Build.0 = Release|Any CPU
	EndGlobalSection
	GlobalSection(SolutionProperties) = preSolution
		HideSolutionNode = FALSE
	EndGlobalSection
	GlobalSection(ExtensibilityGlobals) = postSolution
		SolutionGuid = {F91361DE-82EC-4682-8088-FDE71C2A642F}
	EndGlobalSection
EndGlobal
